// !$*UTF8*$!
{
	archiveVersion = 1;
	classes = {
	};
	objectVersion = 55;
	objects = {

/* Begin PBXBuildFile section */
		105253B772D145F19649694C /* Pods_MDNS_NETWORK_SERVICETests.framework in Frameworks */ = {isa = PBXBuildFile; fileRef = 912B8AF296675DC18C7A769D /* Pods_MDNS_NETWORK_SERVICETests.framework */; };
		9C5D447A28DC74DA00970EA7 /* AppDelegate.swift in Sources */ = {isa = PBXBuildFile; fileRef = 9C5D447928DC74DA00970EA7 /* AppDelegate.swift */; };
		9C5D447C28DC74DA00970EA7 /* SceneDelegate.swift in Sources */ = {isa = PBXBuildFile; fileRef = 9C5D447B28DC74DA00970EA7 /* SceneDelegate.swift */; };
		9C5D448128DC74DA00970EA7 /* Main.storyboard in Resources */ = {isa = PBXBuildFile; fileRef = 9C5D447F28DC74DA00970EA7 /* Main.storyboard */; };
		9C5D448428DC74DA00970EA7 /* MDNS_NETWORK_SERVICE.xcdatamodeld in Sources */ = {isa = PBXBuildFile; fileRef = 9C5D448228DC74DA00970EA7 /* MDNS_NETWORK_SERVICE.xcdatamodeld */; };
		9C5D448628DC74DC00970EA7 /* Assets.xcassets in Resources */ = {isa = PBXBuildFile; fileRef = 9C5D448528DC74DC00970EA7 /* Assets.xcassets */; };
		9C5D448928DC74DC00970EA7 /* LaunchScreen.storyboard in Resources */ = {isa = PBXBuildFile; fileRef = 9C5D448728DC74DC00970EA7 /* LaunchScreen.storyboard */; };
		9C5D449428DC74DD00970EA7 /* MDNS_NETWORK_SERVICETests.swift in Sources */ = {isa = PBXBuildFile; fileRef = 9C5D449328DC74DD00970EA7 /* MDNS_NETWORK_SERVICETests.swift */; };
		9C5D449E28DC74DD00970EA7 /* MDNS_NETWORK_SERVICEUITests.swift in Sources */ = {isa = PBXBuildFile; fileRef = 9C5D449D28DC74DD00970EA7 /* MDNS_NETWORK_SERVICEUITests.swift */; };
		9C5D44A028DC74DD00970EA7 /* MDNS_NETWORK_SERVICEUITestsLaunchTests.swift in Sources */ = {isa = PBXBuildFile; fileRef = 9C5D449F28DC74DD00970EA7 /* MDNS_NETWORK_SERVICEUITestsLaunchTests.swift */; };
		9C5D44B128DC762A00970EA7 /* ServicesViewController.swift in Sources */ = {isa = PBXBuildFile; fileRef = 9C5D44AD28DC762A00970EA7 /* ServicesViewController.swift */; };
		9C5D44B228DC762A00970EA7 /* DomainsViewController.swift in Sources */ = {isa = PBXBuildFile; fileRef = 9C5D44AE28DC762A00970EA7 /* DomainsViewController.swift */; };
		9C5D44B328DC762A00970EA7 /* ServiceDetailViewController.swift in Sources */ = {isa = PBXBuildFile; fileRef = 9C5D44AF28DC762A00970EA7 /* ServiceDetailViewController.swift */; };
		9C5D44B428DC762A00970EA7 /* TableView.swift in Sources */ = {isa = PBXBuildFile; fileRef = 9C5D44B028DC762A00970EA7 /* TableView.swift */; };
		9C5D44B628DC763A00970EA7 /* ViewController.swift in Sources */ = {isa = PBXBuildFile; fileRef = 9C5D44B528DC763A00970EA7 /* ViewController.swift */; };
		AADB9B7A57F5B0B9D9F9E3A7 /* Pods_MDNS_NETWORK_SERVICE_MDNS_NETWORK_SERVICEUITests.framework in Frameworks */ = {isa = PBXBuildFile; fileRef = ED9AEC7BD7D67EF415E426BB /* Pods_MDNS_NETWORK_SERVICE_MDNS_NETWORK_SERVICEUITests.framework */; };
		B85A3FFE705C7A59AC8C2696 /* Pods_MDNS_NETWORK_SERVICE.framework in Frameworks */ = {isa = PBXBuildFile; fileRef = A9BDDD1BE881095043A22B1F /* Pods_MDNS_NETWORK_SERVICE.framework */; };
/* End PBXBuildFile section */

/* Begin PBXContainerItemProxy section */
		9C5D449028DC74DD00970EA7 /* PBXContainerItemProxy */ = {
			isa = PBXContainerItemProxy;
			containerPortal = 9C5D446E28DC74DA00970EA7 /* Project object */;
			proxyType = 1;
			remoteGlobalIDString = 9C5D447528DC74DA00970EA7;
			remoteInfo = MDNS_NETWORK_SERVICE;
		};
		9C5D449A28DC74DD00970EA7 /* PBXContainerItemProxy */ = {
			isa = PBXContainerItemProxy;
			containerPortal = 9C5D446E28DC74DA00970EA7 /* Project object */;
			proxyType = 1;
			remoteGlobalIDString = 9C5D447528DC74DA00970EA7;
			remoteInfo = MDNS_NETWORK_SERVICE;
		};
/* End PBXContainerItemProxy section */

/* Begin PBXFileReference section */
		009CE5F793D38072E7811885 /* Pods-MDNS_NETWORK_SERVICE.release.xcconfig */ = {isa = PBXFileReference; includeInIndex = 1; lastKnownFileType = text.xcconfig; name = "Pods-MDNS_NETWORK_SERVICE.release.xcconfig"; path = "Target Support Files/Pods-MDNS_NETWORK_SERVICE/Pods-MDNS_NETWORK_SERVICE.release.xcconfig"; sourceTree = "<group>"; };
		2F1A0C600C140072B14F35DA /* Pods-MDNS_NETWORK_SERVICETests.debug.xcconfig */ = {isa = PBXFileReference; includeInIndex = 1; lastKnownFileType = text.xcconfig; name = "Pods-MDNS_NETWORK_SERVICETests.debug.xcconfig"; path = "Target Support Files/Pods-MDNS_NETWORK_SERVICETests/Pods-MDNS_NETWORK_SERVICETests.debug.xcconfig"; sourceTree = "<group>"; };
		40611BC3C0EF2059CAA2C57C /* Pods-MDNS_NETWORK_SERVICE-MDNS_NETWORK_SERVICEUITests.debug.xcconfig */ = {isa = PBXFileReference; includeInIndex = 1; lastKnownFileType = text.xcconfig; name = "Pods-MDNS_NETWORK_SERVICE-MDNS_NETWORK_SERVICEUITests.debug.xcconfig"; path = "Target Support Files/Pods-MDNS_NETWORK_SERVICE-MDNS_NETWORK_SERVICEUITests/Pods-MDNS_NETWORK_SERVICE-MDNS_NETWORK_SERVICEUITests.debug.xcconfig"; sourceTree = "<group>"; };
		912B8AF296675DC18C7A769D /* Pods_MDNS_NETWORK_SERVICETests.framework */ = {isa = PBXFileReference; explicitFileType = wrapper.framework; includeInIndex = 0; path = Pods_MDNS_NETWORK_SERVICETests.framework; sourceTree = BUILT_PRODUCTS_DIR; };
		9C5D447628DC74DA00970EA7 /* MDNS_NETWORK_SERVICE.app */ = {isa = PBXFileReference; explicitFileType = wrapper.application; includeInIndex = 0; path = MDNS_NETWORK_SERVICE.app; sourceTree = BUILT_PRODUCTS_DIR; };
		9C5D447928DC74DA00970EA7 /* AppDelegate.swift */ = {isa = PBXFileReference; lastKnownFileType = sourcecode.swift; path = AppDelegate.swift; sourceTree = "<group>"; };
		9C5D447B28DC74DA00970EA7 /* SceneDelegate.swift */ = {isa = PBXFileReference; lastKnownFileType = sourcecode.swift; path = SceneDelegate.swift; sourceTree = "<group>"; };
		9C5D448028DC74DA00970EA7 /* Base */ = {isa = PBXFileReference; lastKnownFileType = file.storyboard; name = Base; path = Base.lproj/Main.storyboard; sourceTree = "<group>"; };
		9C5D448328DC74DA00970EA7 /* MDNS_NETWORK_SERVICE.xcdatamodel */ = {isa = PBXFileReference; lastKnownFileType = wrapper.xcdatamodel; path = MDNS_NETWORK_SERVICE.xcdatamodel; sourceTree = "<group>"; };
		9C5D448528DC74DC00970EA7 /* Assets.xcassets */ = {isa = PBXFileReference; lastKnownFileType = folder.assetcatalog; path = Assets.xcassets; sourceTree = "<group>"; };
		9C5D448828DC74DC00970EA7 /* Base */ = {isa = PBXFileReference; lastKnownFileType = file.storyboard; name = Base; path = Base.lproj/LaunchScreen.storyboard; sourceTree = "<group>"; };
		9C5D448A28DC74DC00970EA7 /* Info.plist */ = {isa = PBXFileReference; lastKnownFileType = text.plist.xml; path = Info.plist; sourceTree = "<group>"; };
		9C5D448F28DC74DD00970EA7 /* MDNS_NETWORK_SERVICETests.xctest */ = {isa = PBXFileReference; explicitFileType = wrapper.cfbundle; includeInIndex = 0; path = MDNS_NETWORK_SERVICETests.xctest; sourceTree = BUILT_PRODUCTS_DIR; };
		9C5D449328DC74DD00970EA7 /* MDNS_NETWORK_SERVICETests.swift */ = {isa = PBXFileReference; lastKnownFileType = sourcecode.swift; path = MDNS_NETWORK_SERVICETests.swift; sourceTree = "<group>"; };
		9C5D449928DC74DD00970EA7 /* MDNS_NETWORK_SERVICEUITests.xctest */ = {isa = PBXFileReference; explicitFileType = wrapper.cfbundle; includeInIndex = 0; path = MDNS_NETWORK_SERVICEUITests.xctest; sourceTree = BUILT_PRODUCTS_DIR; };
		9C5D449D28DC74DD00970EA7 /* MDNS_NETWORK_SERVICEUITests.swift */ = {isa = PBXFileReference; lastKnownFileType = sourcecode.swift; path = MDNS_NETWORK_SERVICEUITests.swift; sourceTree = "<group>"; };
		9C5D449F28DC74DD00970EA7 /* MDNS_NETWORK_SERVICEUITestsLaunchTests.swift */ = {isa = PBXFileReference; lastKnownFileType = sourcecode.swift; path = MDNS_NETWORK_SERVICEUITestsLaunchTests.swift; sourceTree = "<group>"; };
		9C5D44AD28DC762A00970EA7 /* ServicesViewController.swift */ = {isa = PBXFileReference; fileEncoding = 4; lastKnownFileType = sourcecode.swift; path = ServicesViewController.swift; sourceTree = "<group>"; };
		9C5D44AE28DC762A00970EA7 /* DomainsViewController.swift */ = {isa = PBXFileReference; fileEncoding = 4; lastKnownFileType = sourcecode.swift; path = DomainsViewController.swift; sourceTree = "<group>"; };
		9C5D44AF28DC762A00970EA7 /* ServiceDetailViewController.swift */ = {isa = PBXFileReference; fileEncoding = 4; lastKnownFileType = sourcecode.swift; path = ServiceDetailViewController.swift; sourceTree = "<group>"; };
		9C5D44B028DC762A00970EA7 /* TableView.swift */ = {isa = PBXFileReference; fileEncoding = 4; lastKnownFileType = sourcecode.swift; path = TableView.swift; sourceTree = "<group>"; };
		9C5D44B528DC763A00970EA7 /* ViewController.swift */ = {isa = PBXFileReference; fileEncoding = 4; lastKnownFileType = sourcecode.swift; path = ViewController.swift; sourceTree = "<group>"; };
		A0421E3295ED40101FDFF0E9 /* Pods-MDNS_NETWORK_SERVICETests.release.xcconfig */ = {isa = PBXFileReference; includeInIndex = 1; lastKnownFileType = text.xcconfig; name = "Pods-MDNS_NETWORK_SERVICETests.release.xcconfig"; path = "Target Support Files/Pods-MDNS_NETWORK_SERVICETests/Pods-MDNS_NETWORK_SERVICETests.release.xcconfig"; sourceTree = "<group>"; };
		A9BDDD1BE881095043A22B1F /* Pods_MDNS_NETWORK_SERVICE.framework */ = {isa = PBXFileReference; explicitFileType = wrapper.framework; includeInIndex = 0; path = Pods_MDNS_NETWORK_SERVICE.framework; sourceTree = BUILT_PRODUCTS_DIR; };
		E2AB7E55839C5BFA271C7B21 /* Pods-MDNS_NETWORK_SERVICE-MDNS_NETWORK_SERVICEUITests.release.xcconfig */ = {isa = PBXFileReference; includeInIndex = 1; lastKnownFileType = text.xcconfig; name = "Pods-MDNS_NETWORK_SERVICE-MDNS_NETWORK_SERVICEUITests.release.xcconfig"; path = "Target Support Files/Pods-MDNS_NETWORK_SERVICE-MDNS_NETWORK_SERVICEUITests/Pods-MDNS_NETWORK_SERVICE-MDNS_NETWORK_SERVICEUITests.release.xcconfig"; sourceTree = "<group>"; };
		ED9AEC7BD7D67EF415E426BB /* Pods_MDNS_NETWORK_SERVICE_MDNS_NETWORK_SERVICEUITests.framework */ = {isa = PBXFileReference; explicitFileType = wrapper.framework; includeInIndex = 0; path = Pods_MDNS_NETWORK_SERVICE_MDNS_NETWORK_SERVICEUITests.framework; sourceTree = BUILT_PRODUCTS_DIR; };
		FDA7F896EA6119CEE0F261D9 /* Pods-MDNS_NETWORK_SERVICE.debug.xcconfig */ = {isa = PBXFileReference; includeInIndex = 1; lastKnownFileType = text.xcconfig; name = "Pods-MDNS_NETWORK_SERVICE.debug.xcconfig"; path = "Target Support Files/Pods-MDNS_NETWORK_SERVICE/Pods-MDNS_NETWORK_SERVICE.debug.xcconfig"; sourceTree = "<group>"; };
/* End PBXFileReference section */

/* Begin PBXFrameworksBuildPhase section */
		9C5D447328DC74DA00970EA7 /* Frameworks */ = {
			isa = PBXFrameworksBuildPhase;
			buildActionMask = 2147483647;
			files = (
				B85A3FFE705C7A59AC8C2696 /* Pods_MDNS_NETWORK_SERVICE.framework in Frameworks */,
			);
			runOnlyForDeploymentPostprocessing = 0;
		};
		9C5D448C28DC74DD00970EA7 /* Frameworks */ = {
			isa = PBXFrameworksBuildPhase;
			buildActionMask = 2147483647;
			files = (
				105253B772D145F19649694C /* Pods_MDNS_NETWORK_SERVICETests.framework in Frameworks */,
			);
			runOnlyForDeploymentPostprocessing = 0;
		};
		9C5D449628DC74DD00970EA7 /* Frameworks */ = {
			isa = PBXFrameworksBuildPhase;
			buildActionMask = 2147483647;
			files = (
				AADB9B7A57F5B0B9D9F9E3A7 /* Pods_MDNS_NETWORK_SERVICE_MDNS_NETWORK_SERVICEUITests.framework in Frameworks */,
			);
			runOnlyForDeploymentPostprocessing = 0;
		};
/* End PBXFrameworksBuildPhase section */

/* Begin PBXGroup section */
		98E34BE19FF14E961F627477 /* Pods */ = {
			isa = PBXGroup;
			children = (
				FDA7F896EA6119CEE0F261D9 /* Pods-MDNS_NETWORK_SERVICE.debug.xcconfig */,
				009CE5F793D38072E7811885 /* Pods-MDNS_NETWORK_SERVICE.release.xcconfig */,
				40611BC3C0EF2059CAA2C57C /* Pods-MDNS_NETWORK_SERVICE-MDNS_NETWORK_SERVICEUITests.debug.xcconfig */,
				E2AB7E55839C5BFA271C7B21 /* Pods-MDNS_NETWORK_SERVICE-MDNS_NETWORK_SERVICEUITests.release.xcconfig */,
				2F1A0C600C140072B14F35DA /* Pods-MDNS_NETWORK_SERVICETests.debug.xcconfig */,
				A0421E3295ED40101FDFF0E9 /* Pods-MDNS_NETWORK_SERVICETests.release.xcconfig */,
			);
			name = Pods;
			path = Pods;
			sourceTree = "<group>";
		};
		9C5D446D28DC74DA00970EA7 = {
			isa = PBXGroup;
			children = (
				9C5D447828DC74DA00970EA7 /* MDNS_NETWORK_SERVICE */,
				9C5D449228DC74DD00970EA7 /* MDNS_NETWORK_SERVICETests */,
				9C5D449C28DC74DD00970EA7 /* MDNS_NETWORK_SERVICEUITests */,
				9C5D447728DC74DA00970EA7 /* Products */,
				98E34BE19FF14E961F627477 /* Pods */,
				C49E702EFDE956240183265A /* Frameworks */,
			);
			sourceTree = "<group>";
		};
		9C5D447728DC74DA00970EA7 /* Products */ = {
			isa = PBXGroup;
			children = (
				9C5D447628DC74DA00970EA7 /* MDNS_NETWORK_SERVICE.app */,
				9C5D448F28DC74DD00970EA7 /* MDNS_NETWORK_SERVICETests.xctest */,
				9C5D449928DC74DD00970EA7 /* MDNS_NETWORK_SERVICEUITests.xctest */,
			);
			name = Products;
			sourceTree = "<group>";
		};
		9C5D447828DC74DA00970EA7 /* MDNS_NETWORK_SERVICE */ = {
			isa = PBXGroup;
			children = (
				9C5D447928DC74DA00970EA7 /* AppDelegate.swift */,
				9C5D447B28DC74DA00970EA7 /* SceneDelegate.swift */,
				9C5D44AC28DC758700970EA7 /* ViewController */,
				9C5D447F28DC74DA00970EA7 /* Main.storyboard */,
				9C5D448528DC74DC00970EA7 /* Assets.xcassets */,
				9C5D448728DC74DC00970EA7 /* LaunchScreen.storyboard */,
				9C5D448A28DC74DC00970EA7 /* Info.plist */,
				9C5D448228DC74DA00970EA7 /* MDNS_NETWORK_SERVICE.xcdatamodeld */,
			);
			path = MDNS_NETWORK_SERVICE;
			sourceTree = "<group>";
		};
		9C5D449228DC74DD00970EA7 /* MDNS_NETWORK_SERVICETests */ = {
			isa = PBXGroup;
			children = (
				9C5D449328DC74DD00970EA7 /* MDNS_NETWORK_SERVICETests.swift */,
			);
			path = MDNS_NETWORK_SERVICETests;
			sourceTree = "<group>";
		};
		9C5D449C28DC74DD00970EA7 /* MDNS_NETWORK_SERVICEUITests */ = {
			isa = PBXGroup;
			children = (
				9C5D449D28DC74DD00970EA7 /* MDNS_NETWORK_SERVICEUITests.swift */,
				9C5D449F28DC74DD00970EA7 /* MDNS_NETWORK_SERVICEUITestsLaunchTests.swift */,
			);
			path = MDNS_NETWORK_SERVICEUITests;
			sourceTree = "<group>";
		};
		9C5D44AC28DC758700970EA7 /* ViewController */ = {
			isa = PBXGroup;
			children = (
				9C5D44B528DC763A00970EA7 /* ViewController.swift */,
				9C5D44AE28DC762A00970EA7 /* DomainsViewController.swift */,
				9C5D44AF28DC762A00970EA7 /* ServiceDetailViewController.swift */,
				9C5D44AD28DC762A00970EA7 /* ServicesViewController.swift */,
				9C5D44B028DC762A00970EA7 /* TableView.swift */,
			);
			path = ViewController;
			sourceTree = "<group>";
		};
		C49E702EFDE956240183265A /* Frameworks */ = {
			isa = PBXGroup;
			children = (
				A9BDDD1BE881095043A22B1F /* Pods_MDNS_NETWORK_SERVICE.framework */,
				ED9AEC7BD7D67EF415E426BB /* Pods_MDNS_NETWORK_SERVICE_MDNS_NETWORK_SERVICEUITests.framework */,
				912B8AF296675DC18C7A769D /* Pods_MDNS_NETWORK_SERVICETests.framework */,
			);
			name = Frameworks;
			sourceTree = "<group>";
		};
/* End PBXGroup section */

/* Begin PBXNativeTarget section */
		9C5D447528DC74DA00970EA7 /* MDNS_NETWORK_SERVICE */ = {
			isa = PBXNativeTarget;
			buildConfigurationList = 9C5D44A328DC74DD00970EA7 /* Build configuration list for PBXNativeTarget "MDNS_NETWORK_SERVICE" */;
			buildPhases = (
				E5EBE7856F607ED6BF4ED740 /* [CP] Check Pods Manifest.lock */,
				9C5D447228DC74DA00970EA7 /* Sources */,
				9C5D447328DC74DA00970EA7 /* Frameworks */,
				9C5D447428DC74DA00970EA7 /* Resources */,
				00E881F37D60F6C890DC8C7B /* [CP] Embed Pods Frameworks */,
			);
			buildRules = (
			);
			dependencies = (
			);
			name = MDNS_NETWORK_SERVICE;
			productName = MDNS_NETWORK_SERVICE;
			productReference = 9C5D447628DC74DA00970EA7 /* MDNS_NETWORK_SERVICE.app */;
			productType = "com.apple.product-type.application";
		};
		9C5D448E28DC74DD00970EA7 /* MDNS_NETWORK_SERVICETests */ = {
			isa = PBXNativeTarget;
			buildConfigurationList = 9C5D44A628DC74DD00970EA7 /* Build configuration list for PBXNativeTarget "MDNS_NETWORK_SERVICETests" */;
			buildPhases = (
				FC57B8A97E4139F473652049 /* [CP] Check Pods Manifest.lock */,
				9C5D448B28DC74DD00970EA7 /* Sources */,
				9C5D448C28DC74DD00970EA7 /* Frameworks */,
				9C5D448D28DC74DD00970EA7 /* Resources */,
			);
			buildRules = (
			);
			dependencies = (
				9C5D449128DC74DD00970EA7 /* PBXTargetDependency */,
			);
			name = MDNS_NETWORK_SERVICETests;
			productName = MDNS_NETWORK_SERVICETests;
			productReference = 9C5D448F28DC74DD00970EA7 /* MDNS_NETWORK_SERVICETests.xctest */;
			productType = "com.apple.product-type.bundle.unit-test";
		};
		9C5D449828DC74DD00970EA7 /* MDNS_NETWORK_SERVICEUITests */ = {
			isa = PBXNativeTarget;
			buildConfigurationList = 9C5D44A928DC74DD00970EA7 /* Build configuration list for PBXNativeTarget "MDNS_NETWORK_SERVICEUITests" */;
			buildPhases = (
				91FB5F1C3272CA942A66C84E /* [CP] Check Pods Manifest.lock */,
				9C5D449528DC74DD00970EA7 /* Sources */,
				9C5D449628DC74DD00970EA7 /* Frameworks */,
				9C5D449728DC74DD00970EA7 /* Resources */,
				F583678D815E16A94F991375 /* [CP] Embed Pods Frameworks */,
			);
			buildRules = (
			);
			dependencies = (
				9C5D449B28DC74DD00970EA7 /* PBXTargetDependency */,
			);
			name = MDNS_NETWORK_SERVICEUITests;
			productName = MDNS_NETWORK_SERVICEUITests;
			productReference = 9C5D449928DC74DD00970EA7 /* MDNS_NETWORK_SERVICEUITests.xctest */;
			productType = "com.apple.product-type.bundle.ui-testing";
		};
/* End PBXNativeTarget section */

/* Begin PBXProject section */
		9C5D446E28DC74DA00970EA7 /* Project object */ = {
			isa = PBXProject;
			attributes = {
				BuildIndependentTargetsInParallel = 1;
				LastSwiftUpdateCheck = 1340;
				LastUpgradeCheck = 1340;
				TargetAttributes = {
					9C5D447528DC74DA00970EA7 = {
						CreatedOnToolsVersion = 13.4.1;
					};
					9C5D448E28DC74DD00970EA7 = {
						CreatedOnToolsVersion = 13.4.1;
						TestTargetID = 9C5D447528DC74DA00970EA7;
					};
					9C5D449828DC74DD00970EA7 = {
						CreatedOnToolsVersion = 13.4.1;
						TestTargetID = 9C5D447528DC74DA00970EA7;
					};
				};
			};
			buildConfigurationList = 9C5D447128DC74DA00970EA7 /* Build configuration list for PBXProject "MDNS_NETWORK_SERVICE" */;
			compatibilityVersion = "Xcode 13.0";
			developmentRegion = en;
			hasScannedForEncodings = 0;
			knownRegions = (
				en,
				Base,
			);
			mainGroup = 9C5D446D28DC74DA00970EA7;
			productRefGroup = 9C5D447728DC74DA00970EA7 /* Products */;
			projectDirPath = "";
			projectRoot = "";
			targets = (
				9C5D447528DC74DA00970EA7 /* MDNS_NETWORK_SERVICE */,
				9C5D448E28DC74DD00970EA7 /* MDNS_NETWORK_SERVICETests */,
				9C5D449828DC74DD00970EA7 /* MDNS_NETWORK_SERVICEUITests */,
			);
		};
/* End PBXProject section */

/* Begin PBXResourcesBuildPhase section */
		9C5D447428DC74DA00970EA7 /* Resources */ = {
			isa = PBXResourcesBuildPhase;
			buildActionMask = 2147483647;
			files = (
				9C5D448928DC74DC00970EA7 /* LaunchScreen.storyboard in Resources */,
				9C5D448628DC74DC00970EA7 /* Assets.xcassets in Resources */,
				9C5D448128DC74DA00970EA7 /* Main.storyboard in Resources */,
			);
			runOnlyForDeploymentPostprocessing = 0;
		};
		9C5D448D28DC74DD00970EA7 /* Resources */ = {
			isa = PBXResourcesBuildPhase;
			buildActionMask = 2147483647;
			files = (
			);
			runOnlyForDeploymentPostprocessing = 0;
		};
		9C5D449728DC74DD00970EA7 /* Resources */ = {
			isa = PBXResourcesBuildPhase;
			buildActionMask = 2147483647;
			files = (
			);
			runOnlyForDeploymentPostprocessing = 0;
		};
/* End PBXResourcesBuildPhase section */

/* Begin PBXShellScriptBuildPhase section */
		00E881F37D60F6C890DC8C7B /* [CP] Embed Pods Frameworks */ = {
			isa = PBXShellScriptBuildPhase;
			buildActionMask = 2147483647;
			files = (
			);
			inputFileListPaths = (
				"${PODS_ROOT}/Target Support Files/Pods-MDNS_NETWORK_SERVICE/Pods-MDNS_NETWORK_SERVICE-frameworks-${CONFIGURATION}-input-files.xcfilelist",
			);
			name = "[CP] Embed Pods Frameworks";
			outputFileListPaths = (
				"${PODS_ROOT}/Target Support Files/Pods-MDNS_NETWORK_SERVICE/Pods-MDNS_NETWORK_SERVICE-frameworks-${CONFIGURATION}-output-files.xcfilelist",
			);
			runOnlyForDeploymentPostprocessing = 0;
			shellPath = /bin/sh;
			shellScript = "\"${PODS_ROOT}/Target Support Files/Pods-MDNS_NETWORK_SERVICE/Pods-MDNS_NETWORK_SERVICE-frameworks.sh\"\n";
			showEnvVarsInLog = 0;
		};
		91FB5F1C3272CA942A66C84E /* [CP] Check Pods Manifest.lock */ = {
			isa = PBXShellScriptBuildPhase;
			buildActionMask = 2147483647;
			files = (
			);
			inputFileListPaths = (
			);
			inputPaths = (
				"${PODS_PODFILE_DIR_PATH}/Podfile.lock",
				"${PODS_ROOT}/Manifest.lock",
			);
			name = "[CP] Check Pods Manifest.lock";
			outputFileListPaths = (
			);
			outputPaths = (
				"$(DERIVED_FILE_DIR)/Pods-MDNS_NETWORK_SERVICE-MDNS_NETWORK_SERVICEUITests-checkManifestLockResult.txt",
			);
			runOnlyForDeploymentPostprocessing = 0;
			shellPath = /bin/sh;
			shellScript = "diff \"${PODS_PODFILE_DIR_PATH}/Podfile.lock\" \"${PODS_ROOT}/Manifest.lock\" > /dev/null\nif [ $? != 0 ] ; then\n    # print error to STDERR\n    echo \"error: The sandbox is not in sync with the Podfile.lock. Run 'pod install' or update your CocoaPods installation.\" >&2\n    exit 1\nfi\n# This output is used by Xcode 'outputs' to avoid re-running this script phase.\necho \"SUCCESS\" > \"${SCRIPT_OUTPUT_FILE_0}\"\n";
			showEnvVarsInLog = 0;
		};
		E5EBE7856F607ED6BF4ED740 /* [CP] Check Pods Manifest.lock */ = {
			isa = PBXShellScriptBuildPhase;
			buildActionMask = 2147483647;
			files = (
			);
			inputFileListPaths = (
			);
			inputPaths = (
				"${PODS_PODFILE_DIR_PATH}/Podfile.lock",
				"${PODS_ROOT}/Manifest.lock",
			);
			name = "[CP] Check Pods Manifest.lock";
			outputFileListPaths = (
			);
			outputPaths = (
				"$(DERIVED_FILE_DIR)/Pods-MDNS_NETWORK_SERVICE-checkManifestLockResult.txt",
			);
			runOnlyForDeploymentPostprocessing = 0;
			shellPath = /bin/sh;
			shellScript = "diff \"${PODS_PODFILE_DIR_PATH}/Podfile.lock\" \"${PODS_ROOT}/Manifest.lock\" > /dev/null\nif [ $? != 0 ] ; then\n    # print error to STDERR\n    echo \"error: The sandbox is not in sync with the Podfile.lock. Run 'pod install' or update your CocoaPods installation.\" >&2\n    exit 1\nfi\n# This output is used by Xcode 'outputs' to avoid re-running this script phase.\necho \"SUCCESS\" > \"${SCRIPT_OUTPUT_FILE_0}\"\n";
			showEnvVarsInLog = 0;
		};
		F583678D815E16A94F991375 /* [CP] Embed Pods Frameworks */ = {
			isa = PBXShellScriptBuildPhase;
			buildActionMask = 2147483647;
			files = (
			);
			inputFileListPaths = (
				"${PODS_ROOT}/Target Support Files/Pods-MDNS_NETWORK_SERVICE-MDNS_NETWORK_SERVICEUITests/Pods-MDNS_NETWORK_SERVICE-MDNS_NETWORK_SERVICEUITests-frameworks-${CONFIGURATION}-input-files.xcfilelist",
			);
			name = "[CP] Embed Pods Frameworks";
			outputFileListPaths = (
				"${PODS_ROOT}/Target Support Files/Pods-MDNS_NETWORK_SERVICE-MDNS_NETWORK_SERVICEUITests/Pods-MDNS_NETWORK_SERVICE-MDNS_NETWORK_SERVICEUITests-frameworks-${CONFIGURATION}-output-files.xcfilelist",
			);
			runOnlyForDeploymentPostprocessing = 0;
			shellPath = /bin/sh;
			shellScript = "\"${PODS_ROOT}/Target Support Files/Pods-MDNS_NETWORK_SERVICE-MDNS_NETWORK_SERVICEUITests/Pods-MDNS_NETWORK_SERVICE-MDNS_NETWORK_SERVICEUITests-frameworks.sh\"\n";
			showEnvVarsInLog = 0;
		};
		FC57B8A97E4139F473652049 /* [CP] Check Pods Manifest.lock */ = {
			isa = PBXShellScriptBuildPhase;
			buildActionMask = 2147483647;
			files = (
			);
			inputFileListPaths = (
			);
			inputPaths = (
				"${PODS_PODFILE_DIR_PATH}/Podfile.lock",
				"${PODS_ROOT}/Manifest.lock",
			);
			name = "[CP] Check Pods Manifest.lock";
			outputFileListPaths = (
			);
			outputPaths = (
				"$(DERIVED_FILE_DIR)/Pods-MDNS_NETWORK_SERVICETests-checkManifestLockResult.txt",
			);
			runOnlyForDeploymentPostprocessing = 0;
			shellPath = /bin/sh;
			shellScript = "diff \"${PODS_PODFILE_DIR_PATH}/Podfile.lock\" \"${PODS_ROOT}/Manifest.lock\" > /dev/null\nif [ $? != 0 ] ; then\n    # print error to STDERR\n    echo \"error: The sandbox is not in sync with the Podfile.lock. Run 'pod install' or update your CocoaPods installation.\" >&2\n    exit 1\nfi\n# This output is used by Xcode 'outputs' to avoid re-running this script phase.\necho \"SUCCESS\" > \"${SCRIPT_OUTPUT_FILE_0}\"\n";
			showEnvVarsInLog = 0;
		};
/* End PBXShellScriptBuildPhase section */

/* Begin PBXSourcesBuildPhase section */
		9C5D447228DC74DA00970EA7 /* Sources */ = {
			isa = PBXSourcesBuildPhase;
			buildActionMask = 2147483647;
			files = (
				9C5D448428DC74DA00970EA7 /* MDNS_NETWORK_SERVICE.xcdatamodeld in Sources */,
				9C5D447A28DC74DA00970EA7 /* AppDelegate.swift in Sources */,
				9C5D44B128DC762A00970EA7 /* ServicesViewController.swift in Sources */,
				9C5D44B428DC762A00970EA7 /* TableView.swift in Sources */,
				9C5D447C28DC74DA00970EA7 /* SceneDelegate.swift in Sources */,
				9C5D44B228DC762A00970EA7 /* DomainsViewController.swift in Sources */,
				9C5D44B628DC763A00970EA7 /* ViewController.swift in Sources */,
				9C5D44B328DC762A00970EA7 /* ServiceDetailViewController.swift in Sources */,
			);
			runOnlyForDeploymentPostprocessing = 0;
		};
		9C5D448B28DC74DD00970EA7 /* Sources */ = {
			isa = PBXSourcesBuildPhase;
			buildActionMask = 2147483647;
			files = (
				9C5D449428DC74DD00970EA7 /* MDNS_NETWORK_SERVICETests.swift in Sources */,
			);
			runOnlyForDeploymentPostprocessing = 0;
		};
		9C5D449528DC74DD00970EA7 /* Sources */ = {
			isa = PBXSourcesBuildPhase;
			buildActionMask = 2147483647;
			files = (
				9C5D449E28DC74DD00970EA7 /* MDNS_NETWORK_SERVICEUITests.swift in Sources */,
				9C5D44A028DC74DD00970EA7 /* MDNS_NETWORK_SERVICEUITestsLaunchTests.swift in Sources */,
			);
			runOnlyForDeploymentPostprocessing = 0;
		};
/* End PBXSourcesBuildPhase section */

/* Begin PBXTargetDependency section */
		9C5D449128DC74DD00970EA7 /* PBXTargetDependency */ = {
			isa = PBXTargetDependency;
			target = 9C5D447528DC74DA00970EA7 /* MDNS_NETWORK_SERVICE */;
			targetProxy = 9C5D449028DC74DD00970EA7 /* PBXContainerItemProxy */;
		};
		9C5D449B28DC74DD00970EA7 /* PBXTargetDependency */ = {
			isa = PBXTargetDependency;
			target = 9C5D447528DC74DA00970EA7 /* MDNS_NETWORK_SERVICE */;
			targetProxy = 9C5D449A28DC74DD00970EA7 /* PBXContainerItemProxy */;
		};
/* End PBXTargetDependency section */

/* Begin PBXVariantGroup section */
		9C5D447F28DC74DA00970EA7 /* Main.storyboard */ = {
			isa = PBXVariantGroup;
			children = (
				9C5D448028DC74DA00970EA7 /* Base */,
			);
			name = Main.storyboard;
			sourceTree = "<group>";
		};
		9C5D448728DC74DC00970EA7 /* LaunchScreen.storyboard */ = {
			isa = PBXVariantGroup;
			children = (
				9C5D448828DC74DC00970EA7 /* Base */,
			);
			name = LaunchScreen.storyboard;
			sourceTree = "<group>";
		};
/* End PBXVariantGroup section */

/* Begin XCBuildConfiguration section */
		9C5D44A128DC74DD00970EA7 /* Debug */ = {
			isa = XCBuildConfiguration;
			buildSettings = {
				ALWAYS_SEARCH_USER_PATHS = NO;
				CLANG_ANALYZER_NONNULL = YES;
				CLANG_ANALYZER_NUMBER_OBJECT_CONVERSION = YES_AGGRESSIVE;
				CLANG_CXX_LANGUAGE_STANDARD = "gnu++17";
				CLANG_ENABLE_MODULES = YES;
				CLANG_ENABLE_OBJC_ARC = YES;
				CLANG_ENABLE_OBJC_WEAK = YES;
				CLANG_WARN_BLOCK_CAPTURE_AUTORELEASING = YES;
				CLANG_WARN_BOOL_CONVERSION = YES;
				CLANG_WARN_COMMA = YES;
				CLANG_WARN_CONSTANT_CONVERSION = YES;
				CLANG_WARN_DEPRECATED_OBJC_IMPLEMENTATIONS = YES;
				CLANG_WARN_DIRECT_OBJC_ISA_USAGE = YES_ERROR;
				CLANG_WARN_DOCUMENTATION_COMMENTS = YES;
				CLANG_WARN_EMPTY_BODY = YES;
				CLANG_WARN_ENUM_CONVERSION = YES;
				CLANG_WARN_INFINITE_RECURSION = YES;
				CLANG_WARN_INT_CONVERSION = YES;
				CLANG_WARN_NON_LITERAL_NULL_CONVERSION = YES;
				CLANG_WARN_OBJC_IMPLICIT_RETAIN_SELF = YES;
				CLANG_WARN_OBJC_LITERAL_CONVERSION = YES;
				CLANG_WARN_OBJC_ROOT_CLASS = YES_ERROR;
				CLANG_WARN_QUOTED_INCLUDE_IN_FRAMEWORK_HEADER = YES;
				CLANG_WARN_RANGE_LOOP_ANALYSIS = YES;
				CLANG_WARN_STRICT_PROTOTYPES = YES;
				CLANG_WARN_SUSPICIOUS_MOVE = YES;
				CLANG_WARN_UNGUARDED_AVAILABILITY = YES_AGGRESSIVE;
				CLANG_WARN_UNREACHABLE_CODE = YES;
				CLANG_WARN__DUPLICATE_METHOD_MATCH = YES;
				COPY_PHASE_STRIP = NO;
				DEBUG_INFORMATION_FORMAT = dwarf;
				ENABLE_STRICT_OBJC_MSGSEND = YES;
				ENABLE_TESTABILITY = YES;
				GCC_C_LANGUAGE_STANDARD = gnu11;
				GCC_DYNAMIC_NO_PIC = NO;
				GCC_NO_COMMON_BLOCKS = YES;
				GCC_OPTIMIZATION_LEVEL = 0;
				GCC_PREPROCESSOR_DEFINITIONS = (
					"DEBUG=1",
					"$(inherited)",
				);
				GCC_WARN_64_TO_32_BIT_CONVERSION = YES;
				GCC_WARN_ABOUT_RETURN_TYPE = YES_ERROR;
				GCC_WARN_UNDECLARED_SELECTOR = YES;
				GCC_WARN_UNINITIALIZED_AUTOS = YES_AGGRESSIVE;
				GCC_WARN_UNUSED_FUNCTION = YES;
				GCC_WARN_UNUSED_VARIABLE = YES;
				IPHONEOS_DEPLOYMENT_TARGET = 15.5;
				MTL_ENABLE_DEBUG_INFO = INCLUDE_SOURCE;
				MTL_FAST_MATH = YES;
				ONLY_ACTIVE_ARCH = YES;
				SDKROOT = iphoneos;
				SWIFT_ACTIVE_COMPILATION_CONDITIONS = DEBUG;
				SWIFT_OPTIMIZATION_LEVEL = "-Onone";
			};
			name = Debug;
		};
		9C5D44A228DC74DD00970EA7 /* Release */ = {
			isa = XCBuildConfiguration;
			buildSettings = {
				ALWAYS_SEARCH_USER_PATHS = NO;
				CLANG_ANALYZER_NONNULL = YES;
				CLANG_ANALYZER_NUMBER_OBJECT_CONVERSION = YES_AGGRESSIVE;
				CLANG_CXX_LANGUAGE_STANDARD = "gnu++17";
				CLANG_ENABLE_MODULES = YES;
				CLANG_ENABLE_OBJC_ARC = YES;
				CLANG_ENABLE_OBJC_WEAK = YES;
				CLANG_WARN_BLOCK_CAPTURE_AUTORELEASING = YES;
				CLANG_WARN_BOOL_CONVERSION = YES;
				CLANG_WARN_COMMA = YES;
				CLANG_WARN_CONSTANT_CONVERSION = YES;
				CLANG_WARN_DEPRECATED_OBJC_IMPLEMENTATIONS = YES;
				CLANG_WARN_DIRECT_OBJC_ISA_USAGE = YES_ERROR;
				CLANG_WARN_DOCUMENTATION_COMMENTS = YES;
				CLANG_WARN_EMPTY_BODY = YES;
				CLANG_WARN_ENUM_CONVERSION = YES;
				CLANG_WARN_INFINITE_RECURSION = YES;
				CLANG_WARN_INT_CONVERSION = YES;
				CLANG_WARN_NON_LITERAL_NULL_CONVERSION = YES;
				CLANG_WARN_OBJC_IMPLICIT_RETAIN_SELF = YES;
				CLANG_WARN_OBJC_LITERAL_CONVERSION = YES;
				CLANG_WARN_OBJC_ROOT_CLASS = YES_ERROR;
				CLANG_WARN_QUOTED_INCLUDE_IN_FRAMEWORK_HEADER = YES;
				CLANG_WARN_RANGE_LOOP_ANALYSIS = YES;
				CLANG_WARN_STRICT_PROTOTYPES = YES;
				CLANG_WARN_SUSPICIOUS_MOVE = YES;
				CLANG_WARN_UNGUARDED_AVAILABILITY = YES_AGGRESSIVE;
				CLANG_WARN_UNREACHABLE_CODE = YES;
				CLANG_WARN__DUPLICATE_METHOD_MATCH = YES;
				COPY_PHASE_STRIP = NO;
				DEBUG_INFORMATION_FORMAT = "dwarf-with-dsym";
				ENABLE_NS_ASSERTIONS = NO;
				ENABLE_STRICT_OBJC_MSGSEND = YES;
				GCC_C_LANGUAGE_STANDARD = gnu11;
				GCC_NO_COMMON_BLOCKS = YES;
				GCC_WARN_64_TO_32_BIT_CONVERSION = YES;
				GCC_WARN_ABOUT_RETURN_TYPE = YES_ERROR;
				GCC_WARN_UNDECLARED_SELECTOR = YES;
				GCC_WARN_UNINITIALIZED_AUTOS = YES_AGGRESSIVE;
				GCC_WARN_UNUSED_FUNCTION = YES;
				GCC_WARN_UNUSED_VARIABLE = YES;
				IPHONEOS_DEPLOYMENT_TARGET = 15.5;
				MTL_ENABLE_DEBUG_INFO = NO;
				MTL_FAST_MATH = YES;
				SDKROOT = iphoneos;
				SWIFT_COMPILATION_MODE = wholemodule;
				SWIFT_OPTIMIZATION_LEVEL = "-O";
				VALIDATE_PRODUCT = YES;
			};
			name = Release;
		};
		9C5D44A428DC74DD00970EA7 /* Debug */ = {
			isa = XCBuildConfiguration;
			baseConfigurationReference = FDA7F896EA6119CEE0F261D9 /* Pods-MDNS_NETWORK_SERVICE.debug.xcconfig */;
			buildSettings = {
				ASSETCATALOG_COMPILER_APPICON_NAME = AppIcon;
				ASSETCATALOG_COMPILER_GLOBAL_ACCENT_COLOR_NAME = AccentColor;
				CODE_SIGN_STYLE = Automatic;
				CURRENT_PROJECT_VERSION = 1;
				DEVELOPMENT_TEAM = MM2ULT98J6;
				GENERATE_INFOPLIST_FILE = YES;
				INFOPLIST_FILE = MDNS_NETWORK_SERVICE/Info.plist;
				INFOPLIST_KEY_UIApplicationSupportsIndirectInputEvents = YES;
				INFOPLIST_KEY_UILaunchStoryboardName = LaunchScreen;
				INFOPLIST_KEY_UIMainStoryboardFile = Main;
				INFOPLIST_KEY_UISupportedInterfaceOrientations_iPad = "UIInterfaceOrientationPortrait UIInterfaceOrientationPortraitUpsideDown UIInterfaceOrientationLandscapeLeft UIInterfaceOrientationLandscapeRight";
				INFOPLIST_KEY_UISupportedInterfaceOrientations_iPhone = "UIInterfaceOrientationPortrait UIInterfaceOrientationLandscapeLeft UIInterfaceOrientationLandscapeRight";
				LD_RUNPATH_SEARCH_PATHS = (
					"$(inherited)",
					"@executable_path/Frameworks",
				);
				MARKETING_VERSION = 1.0;
				PRODUCT_BUNDLE_IDENTIFIER = "com.itohen.MDNS-NETWORK-SERVICE";
				PRODUCT_NAME = "$(TARGET_NAME)";
				SWIFT_EMIT_LOC_STRINGS = YES;
				SWIFT_VERSION = 5.0;
				TARGETED_DEVICE_FAMILY = "1,2";
			};
			name = Debug;
		};
		9C5D44A528DC74DD00970EA7 /* Release */ = {
			isa = XCBuildConfiguration;
			baseConfigurationReference = 009CE5F793D38072E7811885 /* Pods-MDNS_NETWORK_SERVICE.release.xcconfig */;
			buildSettings = {
				ASSETCATALOG_COMPILER_APPICON_NAME = AppIcon;
				ASSETCATALOG_COMPILER_GLOBAL_ACCENT_COLOR_NAME = AccentColor;
				CODE_SIGN_STYLE = Automatic;
				CURRENT_PROJECT_VERSION = 1;
				DEVELOPMENT_TEAM = MM2ULT98J6;
				GENERATE_INFOPLIST_FILE = YES;
				INFOPLIST_FILE = MDNS_NETWORK_SERVICE/Info.plist;
				INFOPLIST_KEY_UIApplicationSupportsIndirectInputEvents = YES;
				INFOPLIST_KEY_UILaunchStoryboardName = LaunchScreen;
				INFOPLIST_KEY_UIMainStoryboardFile = Main;
				INFOPLIST_KEY_UISupportedInterfaceOrientations_iPad = "UIInterfaceOrientationPortrait UIInterfaceOrientationPortraitUpsideDown UIInterfaceOrientationLandscapeLeft UIInterfaceOrientationLandscapeRight";
				INFOPLIST_KEY_UISupportedInterfaceOrientations_iPhone = "UIInterfaceOrientationPortrait UIInterfaceOrientationLandscapeLeft UIInterfaceOrientationLandscapeRight";
				LD_RUNPATH_SEARCH_PATHS = (
					"$(inherited)",
					"@executable_path/Frameworks",
				);
				MARKETING_VERSION = 1.0;
				PRODUCT_BUNDLE_IDENTIFIER = "com.itohen.MDNS-NETWORK-SERVICE";
				PRODUCT_NAME = "$(TARGET_NAME)";
				SWIFT_EMIT_LOC_STRINGS = YES;
				SWIFT_VERSION = 5.0;
				TARGETED_DEVICE_FAMILY = "1,2";
			};
			name = Release;
		};
		9C5D44A728DC74DD00970EA7 /* Debug */ = {
			isa = XCBuildConfiguration;
			baseConfigurationReference = 2F1A0C600C140072B14F35DA /* Pods-MDNS_NETWORK_SERVICETests.debug.xcconfig */;
			buildSettings = {
				ALWAYS_EMBED_SWIFT_STANDARD_LIBRARIES = YES;
				BUNDLE_LOADER = "$(TEST_HOST)";
				CODE_SIGN_STYLE = Automatic;
				CURRENT_PROJECT_VERSION = 1;
				DEVELOPMENT_TEAM = MM2ULT98J6;
				GENERATE_INFOPLIST_FILE = YES;
				IPHONEOS_DEPLOYMENT_TARGET = 15.5;
				MARKETING_VERSION = 1.0;
				PRODUCT_BUNDLE_IDENTIFIER = "com.itohen.MDNS-NETWORK-SERVICETests";
				PRODUCT_NAME = "$(TARGET_NAME)";
				SWIFT_EMIT_LOC_STRINGS = NO;
				SWIFT_VERSION = 5.0;
				TARGETED_DEVICE_FAMILY = "1,2";
				TEST_HOST = "$(BUILT_PRODUCTS_DIR)/MDNS_NETWORK_SERVICE.app/MDNS_NETWORK_SERVICE";
			};
			name = Debug;
		};
		9C5D44A828DC74DD00970EA7 /* Release */ = {
			isa = XCBuildConfiguration;
			baseConfigurationReference = A0421E3295ED40101FDFF0E9 /* Pods-MDNS_NETWORK_SERVICETests.release.xcconfig */;
			buildSettings = {
				ALWAYS_EMBED_SWIFT_STANDARD_LIBRARIES = YES;
				BUNDLE_LOADER = "$(TEST_HOST)";
				CODE_SIGN_STYLE = Automatic;
				CURRENT_PROJECT_VERSION = 1;
				DEVELOPMENT_TEAM = MM2ULT98J6;
				GENERATE_INFOPLIST_FILE = YES;
				IPHONEOS_DEPLOYMENT_TARGET = 15.5;
				MARKETING_VERSION = 1.0;
				PRODUCT_BUNDLE_IDENTIFIER = "com.itohen.MDNS-NETWORK-SERVICETests";
				PRODUCT_NAME = "$(TARGET_NAME)";
				SWIFT_EMIT_LOC_STRINGS = NO;
				SWIFT_VERSION = 5.0;
				TARGETED_DEVICE_FAMILY = "1,2";
				TEST_HOST = "$(BUILT_PRODUCTS_DIR)/MDNS_NETWORK_SERVICE.app/MDNS_NETWORK_SERVICE";
			};
			name = Release;
		};
		9C5D44AA28DC74DD00970EA7 /* Debug */ = {
			isa = XCBuildConfiguration;
			baseConfigurationReference = 40611BC3C0EF2059CAA2C57C /* Pods-MDNS_NETWORK_SERVICE-MDNS_NETWORK_SERVICEUITests.debug.xcconfig */;
			buildSettings = {
				ALWAYS_EMBED_SWIFT_STANDARD_LIBRARIES = YES;
				CODE_SIGN_STYLE = Automatic;
				CURRENT_PROJECT_VERSION = 1;
				DEVELOPMENT_TEAM = MM2ULT98J6;
				GENERATE_INFOPLIST_FILE = YES;
				MARKETING_VERSION = 1.0;
				PRODUCT_BUNDLE_IDENTIFIER = "com.itohen.MDNS-NETWORK-SERVICEUITests";
				PRODUCT_NAME = "$(TARGET_NAME)";
				SWIFT_EMIT_LOC_STRINGS = NO;
				SWIFT_VERSION = 5.0;
				TARGETED_DEVICE_FAMILY = "1,2";
				TEST_TARGET_NAME = MDNS_NETWORK_SERVICE;
			};
			name = Debug;
		};
		9C5D44AB28DC74DD00970EA7 /* Release */ = {
			isa = XCBuildConfiguration;
			baseConfigurationReference = E2AB7E55839C5BFA271C7B21 /* Pods-MDNS_NETWORK_SERVICE-MDNS_NETWORK_SERVICEUITests.release.xcconfig */;
			buildSettings = {
				ALWAYS_EMBED_SWIFT_STANDARD_LIBRARIES = YES;
				CODE_SIGN_STYLE = Automatic;
				CURRENT_PROJECT_VERSION = 1;
				DEVELOPMENT_TEAM = MM2ULT98J6;
				GENERATE_INFOPLIST_FILE = YES;
				MARKETING_VERSION = 1.0;
				PRODUCT_BUNDLE_IDENTIFIER = "com.itohen.MDNS-NETWORK-SERVICEUITests";
				PRODUCT_NAME = "$(TARGET_NAME)";
				SWIFT_EMIT_LOC_STRINGS = NO;
				SWIFT_VERSION = 5.0;
				TARGETED_DEVICE_FAMILY = "1,2";
				TEST_TARGET_NAME = MDNS_NETWORK_SERVICE;
			};
			name = Release;
		};
/* End XCBuildConfiguration section */

/* Begin XCConfigurationList section */
		9C5D447128DC74DA00970EA7 /* Build configuration list for PBXProject "MDNS_NETWORK_SERVICE" */ = {
			isa = XCConfigurationList;
			buildConfigurations = (
				9C5D44A128DC74DD00970EA7 /* Debug */,
				9C5D44A228DC74DD00970EA7 /* Release */,
			);
			defaultConfigurationIsVisible = 0;
			defaultConfigurationName = Release;
		};
		9C5D44A328DC74DD00970EA7 /* Build configuration list for PBXNativeTarget "MDNS_NETWORK_SERVICE" */ = {
			isa = XCConfigurationList;
			buildConfigurations = (
				9C5D44A428DC74DD00970EA7 /* Debug */,
				9C5D44A528DC74DD00970EA7 /* Release */,
			);
			defaultConfigurationIsVisible = 0;
			defaultConfigurationName = Release;
		};
		9C5D44A628DC74DD00970EA7 /* Build configuration list for PBXNativeTarget "MDNS_NETWORK_SERVICETests" */ = {
			isa = XCConfigurationList;
			buildConfigurations = (
				9C5D44A728DC74DD00970EA7 /* Debug */,
				9C5D44A828DC74DD00970EA7 /* Release */,
			);
			defaultConfigurationIsVisible = 0;
			defaultConfigurationName = Release;
		};
		9C5D44A928DC74DD00970EA7 /* Build configuration list for PBXNativeTarget "MDNS_NETWORK_SERVICEUITests" */ = {
			isa = XCConfigurationList;
			buildConfigurations = (
				9C5D44AA28DC74DD00970EA7 /* Debug */,
				9C5D44AB28DC74DD00970EA7 /* Release */,
			);
			defaultConfigurationIsVisible = 0;
			defaultConfigurationName = Release;
		};
/* End XCConfigurationList section */

/* Begin XCVersionGroup section */
		9C5D448228DC74DA00970EA7 /* MDNS_NETWORK_SERVICE.xcdatamodeld */ = {
			isa = XCVersionGroup;
			children = (
				9C5D448328DC74DA00970EA7 /* MDNS_NETWORK_SERVICE.xcdatamodel */,
			);
			currentVersion = 9C5D448328DC74DA00970EA7 /* MDNS_NETWORK_SERVICE.xcdatamodel */;
			path = MDNS_NETWORK_SERVICE.xcdatamodeld;
			sourceTree = "<group>";
			versionGroupType = wrapper.xcdatamodel;
		};
/* End XCVersionGroup section */
	};
	rootObject = 9C5D446E28DC74DA00970EA7 /* Project object */;
}
